
Microsoft Visual Studio Solution File, Format Version 12.00
# Visual Studio 15
VisualStudioVersion = 15.0.27703.2035
MinimumVisualStudioVersion = 10.0.40219.1
Project("{FAE04EC0-301F-11D3-BF4B-00C04F79EFBC}") = "SeleniumBasic", "SeleniumBasic\SeleniumBasic.csproj", "{81ECA330-C278-44F7-A948-9EB62075B141}"
EndProject
Global
	GlobalSection(SolutionConfigurationPlatforms) = preSolution
		Debug|Any CPU = Debug|Any CPU
		Release|Any CPU = Release|Any CPU
	EndGlobalSection
	GlobalSection(ProjectConfigurationPlatforms) = postSolution
		{81ECA330-C278-44F7-A948-9EB62075B141}.Debug|Any CPU.ActiveCfg = Debug|Any CPU
		{81ECA330-C278-44F7-A948-9EB62075B141}.Debug|Any CPU.Build.0 = Debug|Any CPU
		{81ECA330-C278-44F7-A948-9EB62075B141}.Release|Any CPU.ActiveCfg = Release|Any CPU
		{81ECA330-C278-44F7-A948-9EB62075B141}.Release|Any CPU.Build.0 = Release|Any CPU
	EndGlobalSection
	GlobalSection(SolutionProperties) = preSolution
		HideSolutionNode = FALSE
	EndGlobalSection
	GlobalSection(ExtensibilityGlobals) = postSolution
		SolutionGuid = {F15F1DD4-746F-4216-9714-01DEC8B390E9}
	EndGlobalSection
EndGlobal
